
Microsoft Visual Studio Solution File, Format Version 12.00
# Visual Studio Version 17
VisualStudioVersion = 17.11.35219.272
MinimumVisualStudioVersion = 10.0.40219.1
Project("{FAE04EC0-301F-11D3-BF4B-00C04F79EFBC}") = "Shop", "ConsoleApp2\Shop.csproj", "{B62A81CA-70D1-414B-A7EE-C4F1CDBBA275}"
EndProject
Global
	GlobalSection(SolutionConfigurationPlatforms) = preSolution
		Debug|Any CPU = Debug|Any CPU
		Release|Any CPU = Release|Any CPU
	EndGlobalSection
	GlobalSection(ProjectConfigurationPlatforms) = postSolution
		{B62A81CA-70D1-414B-A7EE-C4F1CDBBA275}.Debug|Any CPU.ActiveCfg = Debug|Any CPU
		{B62A81CA-70D1-414B-A7EE-C4F1CDBBA275}.Debug|Any CPU.Build.0 = Debug|Any CPU
		{B62A81CA-70D1-414B-A7EE-C4F1CDBBA275}.Release|Any CPU.ActiveCfg = Release|Any CPU
		{B62A81CA-70D1-414B-A7EE-C4F1CDBBA275}.Release|Any CPU.Build.0 = Release|Any CPU
	EndGlobalSection
	GlobalSection(SolutionProperties) = preSolution
		HideSolutionNode = FALSE
	EndGlobalSection
	GlobalSection(ExtensibilityGlobals) = postSolution
		SolutionGuid = {739C32C7-54DE-4E81-8699-A51C1F7817E3}
	EndGlobalSection
EndGlobal
